
Microsoft Visual Studio Solution File, Format Version 12.00
# Visual Studio Express 2013 for Windows Desktop
VisualStudioVersion = 12.0.30723.0
MinimumVisualStudioVersion = 10.0.40219.1
Project("{FAE04EC0-301F-11D3-BF4B-00C04F79EFBC}") = "Server Tool Network", "Server Tool Network\Server Tool Network.csproj", "{8E4B77F0-ED74-4BE0-82AA-FAAC4155497B}"
EndProject
Project("{FAE04EC0-301F-11D3-BF4B-00C04F79EFBC}") = "Server Tool Form", "Server Tool Form\Server Tool Form.csproj", "{13585B48-19E8-4EC8-AC9A-988E2519A801}"
EndProject
Project("{FAE04EC0-301F-11D3-BF4B-00C04F79EFBC}") = "Server Tool Console", "Server Tool Console\Server Tool Console.csproj", "{215B0773-FBF2-4CF6-B24E-088AAD226EBB}"
EndProject
Global
	GlobalSection(SolutionConfigurationPlatforms) = preSolution
		Debug|Any CPU = Debug|Any CPU
		Release|Any CPU = Release|Any CPU
	EndGlobalSection
	GlobalSection(ProjectConfigurationPlatforms) = postSolution
		{8E4B77F0-ED74-4BE0-82AA-FAAC4155497B}.Debug|Any CPU.ActiveCfg = Debug|Any CPU
		{8E4B77F0-ED74-4BE0-82AA-FAAC4155497B}.Debug|Any CPU.Build.0 = Debug|Any CPU
		{8E4B77F0-ED74-4BE0-82AA-FAAC4155497B}.Release|Any CPU.ActiveCfg = Release|Any CPU
		{8E4B77F0-ED74-4BE0-82AA-FAAC4155497B}.Release|Any CPU.Build.0 = Release|Any CPU
		{13585B48-19E8-4EC8-AC9A-988E2519A801}.Debug|Any CPU.ActiveCfg = Debug|Any CPU
		{13585B48-19E8-4EC8-AC9A-988E2519A801}.Debug|Any CPU.Build.0 = Debug|Any CPU
		{13585B48-19E8-4EC8-AC9A-988E2519A801}.Release|Any CPU.ActiveCfg = Release|Any CPU
		{13585B48-19E8-4EC8-AC9A-988E2519A801}.Release|Any CPU.Build.0 = Release|Any CPU
		{215B0773-FBF2-4CF6-B24E-088AAD226EBB}.Debug|Any CPU.ActiveCfg = Debug|Any CPU
		{215B0773-FBF2-4CF6-B24E-088AAD226EBB}.Debug|Any CPU.Build.0 = Debug|Any CPU
		{215B0773-FBF2-4CF6-B24E-088AAD226EBB}.Release|Any CPU.ActiveCfg = Release|Any CPU
		{215B0773-FBF2-4CF6-B24E-088AAD226EBB}.Release|Any CPU.Build.0 = Release|Any CPU
	EndGlobalSection
	GlobalSection(SolutionProperties) = preSolution
		HideSolutionNode = FALSE
	EndGlobalSection
EndGlobal
